<?xml version="1.0" encoding="utf-8"?>
<Project ToolsVersion="4.0" xmlns="http://schemas.microsoft.com/developer/msbuild/2003">
  <ItemGroup>
    <Filter Include="Source Files">
      <UniqueIdentifier>{4FC737F1-C7A5-4376-A066-2A32D752A2FF}</UniqueIdentifier>
      <Extensions>cpp;c;cc;cxx;def;odl;idl;hpj;bat;asm;asmx</Extensions>
    </Filter>
    <Filter Include="Header Files">
      <UniqueIdentifier>{93995380-89BD-4b04-88EB-625FBE52EBFB}</UniqueIdentifier>
      <Extensions>h;hh;hpp;hxx;hm;inl;inc;ipp;xsd</Extensions>
    </Filter>
    <Filter Include="Resource Files">
      <UniqueIdentifier>{67DA6AB6-F800-4c08-8B7A-83BB121AAD01}</UniqueIdentifier>
      <Extensions>rc;ico;cur;bmp;dlg;rc2;rct;bin;rgs;gif;jpg;jpeg;jpe;resx;tiff;tif;png;wav;mfcribbon-ms</Extensions>
    </Filter>
  </ItemGroup>
  <ItemGroup>
    <ClCompile Include="main.cpp">
      <Filter>Source Files</Filter>
    </ClCompile>
    <ClCompile Include="Solution.cpp">
      <Filter>Source Files</Filter>
    </ClCompile>
    <ClCompile Include="LRUCache.cpp">
      <Filter>Source Files</Filter>
    </ClCompile>
    <ClCompile Include="LFUCache.cpp">
      <Filter>Source Files</Filter>
    </ClCompile>
    <ClCompile Include="SerializeDeserializeBT.cpp">
      <Filter>Source Files</Filter>
    </ClCompile>
    <ClCompile Include="RandomizedSet.cpp">
      <Filter>Source Files</Filter>
    </ClCompile>
    <ClCompile Include="FlattenNestedListIterator.cpp">
      <Filter>Source Files</Filter>
    </ClCompile>
    <ClCompile Include="ImplementTrie.cpp">
      <Filter>Source Files</Filter>
    </ClCompile>
    <ClCompile Include="RandomizedCollection.cpp">
      <Filter>Source Files</Filter>
    </ClCompile>
    <ClCompile Include="AllOoneDS.cpp">
      <Filter>Source Files</Filter>
    </ClCompile>
    <ClCompile Include="AddandSearchWord.cpp">
      <Filter>Source Files</Filter>
    </ClCompile>
    <ClCompile Include="ProductLastKNumbers.cpp">
      <Filter>Source Files</Filter>
    </ClCompile>
    <ClCompile Include="HashMap.cpp">
      <Filter>Source Files</Filter>
    </ClCompile>
    <ClCompile Include="DesignCircularQueue.cpp">
      <Filter>Source Files</Filter>
    </ClCompile>
    <ClCompile Include="IteratorforCombination.cpp">
      <Filter>Source Files</Filter>
    </ClCompile>
    <ClCompile Include="DesignSkiplist.cpp">
      <Filter>Source Files</Filter>
    </ClCompile>
    <ClCompile Include="UniqueWordAbbreviation.cpp">
      <Filter>Source Files</Filter>
    </ClCompile>
    <ClCompile Include="DesignZigzagIterator.cpp">
      <Filter>Source Files</Filter>
    </ClCompile>
    <ClCompile Include="DesignSearchAutocompleteSystem.cpp">
      <Filter>Source Files</Filter>
    </ClCompile>
    <ClCompile Include="LoggerRateLimiter.cpp">
      <Filter>Source Files</Filter>
    </ClCompile>
    <ClCompile Include="DesignSnakeGame.cpp">
      <Filter>Source Files</Filter>
    </ClCompile>
    <ClCompile Include="Flatten2DVector.cpp">
      <Filter>Source Files</Filter>
    </ClCompile>
    <ClCompile Include="LogStorageSystem.cpp">
      <Filter>Source Files</Filter>
    </ClCompile>
    <ClCompile Include="DesignPhoneDirectory.cpp">
      <Filter>Source Files</Filter>
    </ClCompile>
    <ClCompile Include="DesignTicTacToe.cpp">
      <Filter>Source Files</Filter>
    </ClCompile>
  </ItemGroup>
  <ItemGroup>
    <ClInclude Include="Solution.h">
      <Filter>Header Files</Filter>
    </ClInclude>
    <ClInclude Include="LRUCache.h">
      <Filter>Header Files</Filter>
    </ClInclude>
    <ClInclude Include="LFUCache.h">
      <Filter>Header Files</Filter>
    </ClInclude>
    <ClInclude Include="SerializeDeserializeBT.h">
      <Filter>Header Files</Filter>
    </ClInclude>
    <ClInclude Include="RandomizedSet.h">
      <Filter>Header Files</Filter>
    </ClInclude>
    <ClInclude Include="FlattenNestedListIterator.h">
      <Filter>Header Files</Filter>
    </ClInclude>
    <ClInclude Include="ImplementTrie.h">
      <Filter>Header Files</Filter>
    </ClInclude>
    <ClInclude Include="RandomizedCollection.h">
      <Filter>Header Files</Filter>
    </ClInclude>
    <ClInclude Include="AllOoneDS.h">
      <Filter>Header Files</Filter>
    </ClInclude>
    <ClInclude Include="AddandSearchWord.h">
      <Filter>Header Files</Filter>
    </ClInclude>
    <ClInclude Include="ProductLastKNumbers.h">
      <Filter>Header Files</Filter>
    </ClInclude>
    <ClInclude Include="HashMap.h">
      <Filter>Header Files</Filter>
    </ClInclude>
    <ClInclude Include="DesignCircularQueue.h">
      <Filter>Header Files</Filter>
    </ClInclude>
    <ClInclude Include="IteratorforCombination.h">
      <Filter>Header Files</Filter>
    </ClInclude>
    <ClInclude Include="DesignSkiplist.h">
      <Filter>Header Files</Filter>
    </ClInclude>
    <ClInclude Include="UniqueWordAbbreviation.h">
      <Filter>Header Files</Filter>
    </ClInclude>
    <ClInclude Include="DesignZigzagIterator.h">
      <Filter>Header Files</Filter>
    </ClInclude>
    <ClInclude Include="DesignSearchAutocompleteSystem.h">
      <Filter>Header Files</Filter>
    </ClInclude>
    <ClInclude Include="LoggerRateLimiter.h">
      <Filter>Header Files</Filter>
    </ClInclude>
    <ClInclude Include="DesignSnakeGame.h">
      <Filter>Header Files</Filter>
    </ClInclude>
    <ClInclude Include="Flatten2DVector.h">
      <Filter>Header Files</Filter>
    </ClInclude>
    <ClInclude Include="LogStorageSystem.h">
      <Filter>Header Files</Filter>
    </ClInclude>
    <ClInclude Include="DesignPhoneDirectory.h">
      <Filter>Header Files</Filter>
    </ClInclude>
    <ClInclude Include="DesignTicTacToe.h">
      <Filter>Header Files</Filter>
    </ClInclude>
  </ItemGroup>
  <ItemGroup>
    <Text Include="LRUCacheInput.txt" />
    <Text Include="LFUCacheInput.txt" />
    <Text Include="SerializeDeserializeBTInput.txt" />
    <Text Include="RandomizedSetInput.txt" />
    <Text Include="TrieInput.txt" />
    <Text Include="RandomizedCollectionInput.txt" />
    <Text Include="AllOoneDSInput.txt" />
    <Text Include="AddandSearchWordInput.txt" />
    <Text Include="ProductLastKNumbersInput.txt" />
    <Text Include="HashMapInput.txt" />
    <Text Include="DesignCircularQueueInput.txt" />
    <Text Include="IteratorforCombinationInput.txt" />
    <Text Include="DesignSkiplistInput.txt" />
    <Text Include="UniqueWordAbbreviationInput.txt" />
    <Text Include="DesignZigzagIteratorInput.txt" />
    <Text Include="DesignSearchAutocompleteSystem.txt" />
    <Text Include="LoggerRateLimiter.txt" />
    <Text Include="DesignSnakeGame.txt" />
    <Text Include="Flatten2DVector.txt" />
    <Text Include="LogStorageSystem.txt" />
    <Text Include="DesignPhoneDirectory.txt" />
    <Text Include="DesignTicTacToe.txt" />
  </ItemGroup>
</Project>